
Microsoft Visual Studio Solution File, Format Version 12.00
# Visual Studio 2013
VisualStudioVersion = 12.0.30723.0
MinimumVisualStudioVersion = 10.0.40219.1
Project("{8BC9CEB8-8B4A-11D0-8D11-00A0C91BC942}") = "Rule_Implementor", "Rule_Implementor.vcxproj", "{8B9C5C74-AE07-4545-AE05-F3064467EA37}"
EndProject
Project("{8BC9CEB8-8B4A-11D0-8D11-00A0C91BC942}") = "Rule_Implementor_Tester", "..\Rule_Implementor_Tester\Rule_Implementor_Tester.vcxproj", "{E9A5F1C9-286D-4075-A1A4-6D100C637255}"
	ProjectSection(ProjectDependencies) = postProject
		{B6780259-DE23-436E-A4A3-FFA18F4D54C6} = {B6780259-DE23-436E-A4A3-FFA18F4D54C6}
		{8B9C5C74-AE07-4545-AE05-F3064467EA37} = {8B9C5C74-AE07-4545-AE05-F3064467EA37}
		{C05568AA-0F64-4B52-897B-2DE70554B110} = {C05568AA-0F64-4B52-897B-2DE70554B110}
		{0A37C3D6-9CE9-4A01-86A8-0A4CB50E3507} = {0A37C3D6-9CE9-4A01-86A8-0A4CB50E3507}
	EndProjectSection
EndProject
Project("{8BC9CEB8-8B4A-11D0-8D11-00A0C91BC942}") = "J_Math", "..\J_Math\J_Math.vcxproj", "{C05568AA-0F64-4B52-897B-2DE70554B110}"
EndProject
Project("{8BC9CEB8-8B4A-11D0-8D11-00A0C91BC942}") = "J_String", "..\J_String\J_String.vcxproj", "{B6780259-DE23-436E-A4A3-FFA18F4D54C6}"
EndProject
Project("{8BC9CEB8-8B4A-11D0-8D11-00A0C91BC942}") = "J_Utile", "..\J_Utile\J_Utile.vcxproj", "{0A37C3D6-9CE9-4A01-86A8-0A4CB50E3507}"
EndProject
Global
	GlobalSection(SolutionConfigurationPlatforms) = preSolution
		AssertHappy|Win32 = AssertHappy|Win32
		AssertHappy|x64 = AssertHappy|x64
		Debug|Win32 = Debug|Win32
		Debug|x64 = Debug|x64
		Debug2012|Win32 = Debug2012|Win32
		Debug2012|x64 = Debug2012|x64
		Profile|Win32 = Profile|Win32
		Profile|x64 = Profile|x64
		Release|Win32 = Release|Win32
		Release|x64 = Release|x64
	EndGlobalSection
	GlobalSection(ProjectConfigurationPlatforms) = postSolution
		{8B9C5C74-AE07-4545-AE05-F3064467EA37}.AssertHappy|Win32.ActiveCfg = Release|Win32
		{8B9C5C74-AE07-4545-AE05-F3064467EA37}.AssertHappy|Win32.Build.0 = Release|Win32
		{8B9C5C74-AE07-4545-AE05-F3064467EA37}.AssertHappy|x64.ActiveCfg = Release|x64
		{8B9C5C74-AE07-4545-AE05-F3064467EA37}.AssertHappy|x64.Build.0 = Release|x64
		{8B9C5C74-AE07-4545-AE05-F3064467EA37}.Debug|Win32.ActiveCfg = Debug|Win32
		{8B9C5C74-AE07-4545-AE05-F3064467EA37}.Debug|Win32.Build.0 = Debug|Win32
		{8B9C5C74-AE07-4545-AE05-F3064467EA37}.Debug|x64.ActiveCfg = Debug|x64
		{8B9C5C74-AE07-4545-AE05-F3064467EA37}.Debug|x64.Build.0 = Debug|x64
		{8B9C5C74-AE07-4545-AE05-F3064467EA37}.Debug2012|Win32.ActiveCfg = Debug|Win32
		{8B9C5C74-AE07-4545-AE05-F3064467EA37}.Debug2012|Win32.Build.0 = Debug|Win32
		{8B9C5C74-AE07-4545-AE05-F3064467EA37}.Debug2012|x64.ActiveCfg = Debug|x64
		{8B9C5C74-AE07-4545-AE05-F3064467EA37}.Debug2012|x64.Build.0 = Debug|x64
		{8B9C5C74-AE07-4545-AE05-F3064467EA37}.Profile|Win32.ActiveCfg = Release|Win32
		{8B9C5C74-AE07-4545-AE05-F3064467EA37}.Profile|Win32.Build.0 = Release|Win32
		{8B9C5C74-AE07-4545-AE05-F3064467EA37}.Profile|x64.ActiveCfg = Release|x64
		{8B9C5C74-AE07-4545-AE05-F3064467EA37}.Profile|x64.Build.0 = Release|x64
		{8B9C5C74-AE07-4545-AE05-F3064467EA37}.Release|Win32.ActiveCfg = Release|Win32
		{8B9C5C74-AE07-4545-AE05-F3064467EA37}.Release|Win32.Build.0 = Release|Win32
		{8B9C5C74-AE07-4545-AE05-F3064467EA37}.Release|x64.ActiveCfg = Release|x64
		{8B9C5C74-AE07-4545-AE05-F3064467EA37}.Release|x64.Build.0 = Release|x64
		{E9A5F1C9-286D-4075-A1A4-6D100C637255}.AssertHappy|Win32.ActiveCfg = Release|Win32
		{E9A5F1C9-286D-4075-A1A4-6D100C637255}.AssertHappy|Win32.Build.0 = Release|Win32
		{E9A5F1C9-286D-4075-A1A4-6D100C637255}.AssertHappy|x64.ActiveCfg = Release|x64
		{E9A5F1C9-286D-4075-A1A4-6D100C637255}.AssertHappy|x64.Build.0 = Release|x64
		{E9A5F1C9-286D-4075-A1A4-6D100C637255}.Debug|Win32.ActiveCfg = Debug|Win32
		{E9A5F1C9-286D-4075-A1A4-6D100C637255}.Debug|Win32.Build.0 = Debug|Win32
		{E9A5F1C9-286D-4075-A1A4-6D100C637255}.Debug|x64.ActiveCfg = Debug|x64
		{E9A5F1C9-286D-4075-A1A4-6D100C637255}.Debug|x64.Build.0 = Debug|x64
		{E9A5F1C9-286D-4075-A1A4-6D100C637255}.Debug2012|Win32.ActiveCfg = Debug|Win32
		{E9A5F1C9-286D-4075-A1A4-6D100C637255}.Debug2012|Win32.Build.0 = Debug|Win32
		{E9A5F1C9-286D-4075-A1A4-6D100C637255}.Debug2012|x64.ActiveCfg = Debug|x64
		{E9A5F1C9-286D-4075-A1A4-6D100C637255}.Debug2012|x64.Build.0 = Debug|x64
		{E9A5F1C9-286D-4075-A1A4-6D100C637255}.Profile|Win32.ActiveCfg = Release|Win32
		{E9A5F1C9-286D-4075-A1A4-6D100C637255}.Profile|Win32.Build.0 = Release|Win32
		{E9A5F1C9-286D-4075-A1A4-6D100C637255}.Profile|x64.ActiveCfg = Release|x64
		{E9A5F1C9-286D-4075-A1A4-6D100C637255}.Profile|x64.Build.0 = Release|x64
		{E9A5F1C9-286D-4075-A1A4-6D100C637255}.Release|Win32.ActiveCfg = Release|Win32
		{E9A5F1C9-286D-4075-A1A4-6D100C637255}.Release|Win32.Build.0 = Release|Win32
		{E9A5F1C9-286D-4075-A1A4-6D100C637255}.Release|x64.ActiveCfg = Release|x64
		{E9A5F1C9-286D-4075-A1A4-6D100C637255}.Release|x64.Build.0 = Release|x64
		{C05568AA-0F64-4B52-897B-2DE70554B110}.AssertHappy|Win32.ActiveCfg = AssertHappy|Win32
		{C05568AA-0F64-4B52-897B-2DE70554B110}.AssertHappy|Win32.Build.0 = AssertHappy|Win32
		{C05568AA-0F64-4B52-897B-2DE70554B110}.AssertHappy|x64.ActiveCfg = AssertHappy|x64
		{C05568AA-0F64-4B52-897B-2DE70554B110}.AssertHappy|x64.Build.0 = AssertHappy|x64
		{C05568AA-0F64-4B52-897B-2DE70554B110}.Debug|Win32.ActiveCfg = Debug|Win32
		{C05568AA-0F64-4B52-897B-2DE70554B110}.Debug|Win32.Build.0 = Debug|Win32
		{C05568AA-0F64-4B52-897B-2DE70554B110}.Debug|x64.ActiveCfg = Debug|x64
		{C05568AA-0F64-4B52-897B-2DE70554B110}.Debug|x64.Build.0 = Debug|x64
		{C05568AA-0F64-4B52-897B-2DE70554B110}.Debug2012|Win32.ActiveCfg = Debug|Win32
		{C05568AA-0F64-4B52-897B-2DE70554B110}.Debug2012|Win32.Build.0 = Debug|Win32
		{C05568AA-0F64-4B52-897B-2DE70554B110}.Debug2012|x64.ActiveCfg = Debug|x64
		{C05568AA-0F64-4B52-897B-2DE70554B110}.Debug2012|x64.Build.0 = Debug|x64
		{C05568AA-0F64-4B52-897B-2DE70554B110}.Profile|Win32.ActiveCfg = Profile|Win32
		{C05568AA-0F64-4B52-897B-2DE70554B110}.Profile|Win32.Build.0 = Profile|Win32
		{C05568AA-0F64-4B52-897B-2DE70554B110}.Profile|x64.ActiveCfg = Profile|x64
		{C05568AA-0F64-4B52-897B-2DE70554B110}.Profile|x64.Build.0 = Profile|x64
		{C05568AA-0F64-4B52-897B-2DE70554B110}.Release|Win32.ActiveCfg = Release|Win32
		{C05568AA-0F64-4B52-897B-2DE70554B110}.Release|Win32.Build.0 = Release|Win32
		{C05568AA-0F64-4B52-897B-2DE70554B110}.Release|x64.ActiveCfg = Release|x64
		{C05568AA-0F64-4B52-897B-2DE70554B110}.Release|x64.Build.0 = Release|x64
		{B6780259-DE23-436E-A4A3-FFA18F4D54C6}.AssertHappy|Win32.ActiveCfg = AssertHappy|Win32
		{B6780259-DE23-436E-A4A3-FFA18F4D54C6}.AssertHappy|Win32.Build.0 = AssertHappy|Win32
		{B6780259-DE23-436E-A4A3-FFA18F4D54C6}.AssertHappy|x64.ActiveCfg = AssertHappy|x64
		{B6780259-DE23-436E-A4A3-FFA18F4D54C6}.AssertHappy|x64.Build.0 = AssertHappy|x64
		{B6780259-DE23-436E-A4A3-FFA18F4D54C6}.Debug|Win32.ActiveCfg = Debug|Win32
		{B6780259-DE23-436E-A4A3-FFA18F4D54C6}.Debug|Win32.Build.0 = Debug|Win32
		{B6780259-DE23-436E-A4A3-FFA18F4D54C6}.Debug|x64.ActiveCfg = Debug|x64
		{B6780259-DE23-436E-A4A3-FFA18F4D54C6}.Debug|x64.Build.0 = Debug|x64
		{B6780259-DE23-436E-A4A3-FFA18F4D54C6}.Debug2012|Win32.ActiveCfg = Debug2012|Win32
		{B6780259-DE23-436E-A4A3-FFA18F4D54C6}.Debug2012|Win32.Build.0 = Debug2012|Win32
		{B6780259-DE23-436E-A4A3-FFA18F4D54C6}.Debug2012|x64.ActiveCfg = Debug2012|x64
		{B6780259-DE23-436E-A4A3-FFA18F4D54C6}.Debug2012|x64.Build.0 = Debug2012|x64
		{B6780259-DE23-436E-A4A3-FFA18F4D54C6}.Profile|Win32.ActiveCfg = Profile|Win32
		{B6780259-DE23-436E-A4A3-FFA18F4D54C6}.Profile|Win32.Build.0 = Profile|Win32
		{B6780259-DE23-436E-A4A3-FFA18F4D54C6}.Profile|x64.ActiveCfg = Profile|x64
		{B6780259-DE23-436E-A4A3-FFA18F4D54C6}.Profile|x64.Build.0 = Profile|x64
		{B6780259-DE23-436E-A4A3-FFA18F4D54C6}.Release|Win32.ActiveCfg = Release|Win32
		{B6780259-DE23-436E-A4A3-FFA18F4D54C6}.Release|Win32.Build.0 = Release|Win32
		{B6780259-DE23-436E-A4A3-FFA18F4D54C6}.Release|x64.ActiveCfg = Release|x64
		{B6780259-DE23-436E-A4A3-FFA18F4D54C6}.Release|x64.Build.0 = Release|x64
		{0A37C3D6-9CE9-4A01-86A8-0A4CB50E3507}.AssertHappy|Win32.ActiveCfg = AssertHappy|Win32
		{0A37C3D6-9CE9-4A01-86A8-0A4CB50E3507}.AssertHappy|Win32.Build.0 = AssertHappy|Win32
		{0A37C3D6-9CE9-4A01-86A8-0A4CB50E3507}.AssertHappy|x64.ActiveCfg = AssertHappy|x64
		{0A37C3D6-9CE9-4A01-86A8-0A4CB50E3507}.AssertHappy|x64.Build.0 = AssertHappy|x64
		{0A37C3D6-9CE9-4A01-86A8-0A4CB50E3507}.Debug|Win32.ActiveCfg = Debug|Win32
		{0A37C3D6-9CE9-4A01-86A8-0A4CB50E3507}.Debug|Win32.Build.0 = Debug|Win32
		{0A37C3D6-9CE9-4A01-86A8-0A4CB50E3507}.Debug|x64.ActiveCfg = Debug|x64
		{0A37C3D6-9CE9-4A01-86A8-0A4CB50E3507}.Debug|x64.Build.0 = Debug|x64
		{0A37C3D6-9CE9-4A01-86A8-0A4CB50E3507}.Debug2012|Win32.ActiveCfg = Debug2012|Win32
		{0A37C3D6-9CE9-4A01-86A8-0A4CB50E3507}.Debug2012|Win32.Build.0 = Debug2012|Win32
		{0A37C3D6-9CE9-4A01-86A8-0A4CB50E3507}.Debug2012|x64.ActiveCfg = Debug2012|x64
		{0A37C3D6-9CE9-4A01-86A8-0A4CB50E3507}.Debug2012|x64.Build.0 = Debug2012|x64
		{0A37C3D6-9CE9-4A01-86A8-0A4CB50E3507}.Profile|Win32.ActiveCfg = Profile|Win32
		{0A37C3D6-9CE9-4A01-86A8-0A4CB50E3507}.Profile|Win32.Build.0 = Profile|Win32
		{0A37C3D6-9CE9-4A01-86A8-0A4CB50E3507}.Profile|x64.ActiveCfg = Profile|x64
		{0A37C3D6-9CE9-4A01-86A8-0A4CB50E3507}.Profile|x64.Build.0 = Profile|x64
		{0A37C3D6-9CE9-4A01-86A8-0A4CB50E3507}.Release|Win32.ActiveCfg = Release|Win32
		{0A37C3D6-9CE9-4A01-86A8-0A4CB50E3507}.Release|Win32.Build.0 = Release|Win32
		{0A37C3D6-9CE9-4A01-86A8-0A4CB50E3507}.Release|x64.ActiveCfg = Release|x64
		{0A37C3D6-9CE9-4A01-86A8-0A4CB50E3507}.Release|x64.Build.0 = Release|x64
	EndGlobalSection
	GlobalSection(SolutionProperties) = preSolution
		HideSolutionNode = FALSE
	EndGlobalSection
EndGlobal
